<?xml version="1.0" encoding="utf-8"?>
<Project ToolsVersion="4.0" xmlns="http://schemas.microsoft.com/developer/msbuild/2003">
  <ItemGroup>
    <Filter Include="Fichiers sources">
      <UniqueIdentifier>{4FC737F1-C7A5-4376-A066-2A32D752A2FF}</UniqueIdentifier>
      <Extensions>cpp;c;cc;cxx;c++;cppm;ixx;def;odl;idl;hpj;bat;asm;asmx</Extensions>
    </Filter>
    <Filter Include="Fichiers d%27en-tête">
      <UniqueIdentifier>{93995380-89BD-4b04-88EB-625FBE52EBFB}</UniqueIdentifier>
      <Extensions>h;hh;hpp;hxx;h++;hm;inl;inc;ipp;xsd</Extensions>
    </Filter>
    <Filter Include="Fichiers de ressources">
      <UniqueIdentifier>{67DA6AB6-F800-4c08-8B7A-83BB121AAD01}</UniqueIdentifier>
      <Extensions>rc;ico;cur;bmp;dlg;rc2;rct;bin;rgs;gif;jpg;jpeg;jpe;resx;tiff;tif;png;wav;mfcribbon-ms</Extensions>
    </Filter>
  </ItemGroup>
  <ItemGroup>
    <ClInclude Include="Source\OMEngine.hpp">
      <Filter>Fichiers d%27en-tête</Filter>
    </ClInclude>
    <ClInclude Include="Source\OMEngine\Application.hpp">
      <Filter>Fichiers d%27en-tête</Filter>
    </ClInclude>
    <ClInclude Include="Source\OMEngine\Base.hpp">
      <Filter>Fichiers d%27en-tête</Filter>
    </ClInclude>
    <ClInclude Include="Source\framework.h">
      <Filter>Fichiers d%27en-tête</Filter>
    </ClInclude>
    <ClInclude Include="Source\pch.h">
      <Filter>Fichiers d%27en-tête</Filter>
    </ClInclude>
    <ClInclude Include="Source\OMEngine\Core\ThreadPool.hpp">
      <Filter>Fichiers d%27en-tête</Filter>
    </ClInclude>
    <ClInclude Include="Source\OMEngine\Platform\Window.hpp">
      <Filter>Fichiers d%27en-tête</Filter>
    </ClInclude>
    <ClInclude Include="Source\OMEngine\Utils\Utils.hpp">
      <Filter>Fichiers d%27en-tête</Filter>
    </ClInclude>
    <ClInclude Include="Source\OMEngine\Resource\IResource.hpp">
      <Filter>Fichiers d%27en-tête</Filter>
    </ClInclude>
    <ClInclude Include="Source\OMEngine\Resource\Texture.hpp">
      <Filter>Fichiers d%27en-tête</Filter>
    </ClInclude>
    <ClInclude Include="Source\OMEngine\Core\ResourceManager.hpp">
      <Filter>Fichiers d%27en-tête</Filter>
    </ClInclude>
    <ClInclude Include="Source\OMEngine\Resource\TextureLoader.hpp">
      <Filter>Fichiers d%27en-tête</Filter>
    </ClInclude>
    <ClInclude Include="Source\OMEngine\Core\Engine.hpp">
      <Filter>Fichiers d%27en-tête</Filter>
    </ClInclude>
    <ClInclude Include="Source\OMEngine\Core\Time.hpp">
      <Filter>Fichiers d%27en-tête</Filter>
    </ClInclude>
    <ClInclude Include="Source\OMEngine\Graphics\CoreRender\GpuResource.hpp">
      <Filter>Fichiers d%27en-tête</Filter>
    </ClInclude>
    <ClInclude Include="Source\OMEngine\Graphics\CoreRender\PixelBuffer.hpp">
      <Filter>Fichiers d%27en-tête</Filter>
    </ClInclude>
    <ClInclude Include="Source\OMEngine\Graphics\CoreRender\ColorBuffer.hpp">
      <Filter>Fichiers d%27en-tête</Filter>
    </ClInclude>
    <ClInclude Include="Source\OMEngine\Graphics\CoreRender\DescriptorHeap.hpp">
      <Filter>Fichiers d%27en-tête</Filter>
    </ClInclude>
    <ClInclude Include="Source\OMEngine\Graphics\CoreRender\DescriptorAllocator.hpp">
      <Filter>Fichiers d%27en-tête</Filter>
    </ClInclude>
    <ClInclude Include="Source\OMEngine\Utils\GraphicsUtils.hpp">
      <Filter>Fichiers d%27en-tête</Filter>
    </ClInclude>
    <ClInclude Include="Source\OMEngine\Graphics\RHI\RHIOld.hpp">
      <Filter>Fichiers d%27en-tête</Filter>
    </ClInclude>
    <ClInclude Include="Source\OMEngine\Graphics\RHI\CommandAllocatorPool.hpp">
      <Filter>Fichiers d%27en-tête</Filter>
    </ClInclude>
    <ClInclude Include="Source\OMEngine\Graphics\RHI\CommandQueue.hpp">
      <Filter>Fichiers d%27en-tête</Filter>
    </ClInclude>
    <ClInclude Include="Source\OMEngine\Graphics\RHI\CommandListManager.hpp">
      <Filter>Fichiers d%27en-tête</Filter>
    </ClInclude>
    <ClInclude Include="Source\OMEngine\Math\Scalar.hpp">
      <Filter>Fichiers d%27en-tête</Filter>
    </ClInclude>
    <ClInclude Include="Source\OMEngine\Math\Common.hpp">
      <Filter>Fichiers d%27en-tête</Filter>
    </ClInclude>
    <ClInclude Include="Source\OMEngine\Math\Vector.hpp">
      <Filter>Fichiers d%27en-tête</Filter>
    </ClInclude>
    <ClInclude Include="Source\OMEngine\Math\Matrix4.hpp">
      <Filter>Fichiers d%27en-tête</Filter>
    </ClInclude>
    <ClInclude Include="Source\OMEngine\Math\Quaternion.hpp">
      <Filter>Fichiers d%27en-tête</Filter>
    </ClInclude>
    <ClInclude Include="Source\OMEngine\Math\BoundingSphere.hpp">
      <Filter>Fichiers d%27en-tête</Filter>
    </ClInclude>
    <ClInclude Include="Source\OMEngine\Math\Transform.hpp">
      <Filter>Fichiers d%27en-tête</Filter>
    </ClInclude>
    <ClInclude Include="Source\OMEngine\Math\Matrix3.hpp">
      <Filter>Fichiers d%27en-tête</Filter>
    </ClInclude>
    <ClInclude Include="Source\OMEngine\Math\Functions.hpp">
      <Filter>Fichiers d%27en-tête</Filter>
    </ClInclude>
    <ClInclude Include="Source\OMEngine\Utils\TypeDef.hpp">
      <Filter>Fichiers d%27en-tête</Filter>
    </ClInclude>
    <ClInclude Include="Source\OMEngine\Graphics\RHI\RHI.hpp">
      <Filter>Fichiers d%27en-tête</Filter>
    </ClInclude>
  </ItemGroup>
  <ItemGroup>
    <ClCompile Include="Source\OMEngine\Application.cpp">
      <Filter>Fichiers sources</Filter>
    </ClCompile>
    <ClCompile Include="Source\dllmain.cpp">
      <Filter>Fichiers sources</Filter>
    </ClCompile>
    <ClCompile Include="Source\pch.cpp">
      <Filter>Fichiers sources</Filter>
    </ClCompile>
    <ClCompile Include="Source\OMEngine\Core\ThreadPool.cpp">
      <Filter>Fichiers sources</Filter>
    </ClCompile>
    <ClCompile Include="Source\OMEngine\Platform\Window.cpp">
      <Filter>Fichiers sources</Filter>
    </ClCompile>
    <ClCompile Include="Source\OMEngine\Resource\IResource.cpp">
      <Filter>Fichiers sources</Filter>
    </ClCompile>
    <ClCompile Include="Source\OMEngine\Resource\Texture.cpp">
      <Filter>Fichiers sources</Filter>
    </ClCompile>
    <ClCompile Include="Source\OMEngine\Core\ResourceManager.cpp">
      <Filter>Fichiers sources</Filter>
    </ClCompile>
    <ClCompile Include="Source\OMEngine\Resource\TextureLoader.cpp">
      <Filter>Fichiers sources</Filter>
    </ClCompile>
    <ClCompile Include="Source\OMEngine\Core\Engine.cpp">
      <Filter>Fichiers sources</Filter>
    </ClCompile>
    <ClCompile Include="Source\OMEngine\Core\Time.cpp">
      <Filter>Fichiers sources</Filter>
    </ClCompile>
    <ClCompile Include="Source\OMEngine\Graphics\CoreRender\ColorBuffer.cpp">
      <Filter>Fichiers sources</Filter>
    </ClCompile>
    <ClCompile Include="Source\OMEngine\Graphics\CoreRender\DescriptorHeap.cpp">
      <Filter>Fichiers sources</Filter>
    </ClCompile>
    <ClCompile Include="Source\OMEngine\Graphics\CoreRender\DescriptorAllocator.cpp">
      <Filter>Fichiers sources</Filter>
    </ClCompile>
    <ClCompile Include="Source\OMEngine\Graphics\CoreRender\PixelBuffer.cpp">
      <Filter>Fichiers sources</Filter>
    </ClCompile>
    <ClCompile Include="Source\OMEngine\Graphics\RHI\RHIOld.cpp">
      <Filter>Fichiers sources</Filter>
    </ClCompile>
    <ClCompile Include="Source\OMEngine\Graphics\RHI\CommandAllocatorPool.cpp">
      <Filter>Fichiers sources</Filter>
    </ClCompile>
    <ClCompile Include="Source\OMEngine\Graphics\RHI\CommandQueue.cpp">
      <Filter>Fichiers sources</Filter>
    </ClCompile>
    <ClCompile Include="Source\OMEngine\Graphics\RHI\CommandListManager.cpp">
      <Filter>Fichiers sources</Filter>
    </ClCompile>
    <ClCompile Include="Source\OMEngine\Math\BoundingSphere.cpp">
      <Filter>Fichiers sources</Filter>
    </ClCompile>
    <ClCompile Include="Source\OMEngine\Graphics\RHI\RHI.cpp">
      <Filter>Fichiers sources</Filter>
    </ClCompile>
  </ItemGroup>
  <ItemGroup>
    <None Include="Source\OMEngine\Math\Functions.inl">
      <Filter>Fichiers d%27en-tête</Filter>
    </None>
  </ItemGroup>
</Project>